// !$*UTF8*$!
{
	archiveVersion = 1;
	classes = {
	};
	objectVersion = 50;
	objects = {

/* Begin PBXBuildFile section */
		030EF1A626FBD61C000D3E42 /* AppDelegate.swift in Sources */ = {isa = PBXBuildFile; fileRef = 030EF1A526FBD61C000D3E42 /* AppDelegate.swift */; };
		030EF1A826FBD61C000D3E42 /* SceneDelegate.swift in Sources */ = {isa = PBXBuildFile; fileRef = 030EF1A726FBD61C000D3E42 /* SceneDelegate.swift */; };
		030EF1AF26FBD61E000D3E42 /* Assets.xcassets in Resources */ = {isa = PBXBuildFile; fileRef = 030EF1AE26FBD61E000D3E42 /* Assets.xcassets */; };
		030EF1B226FBD61E000D3E42 /* LaunchScreen.storyboard in Resources */ = {isa = PBXBuildFile; fileRef = 030EF1B026FBD61E000D3E42 /* LaunchScreen.storyboard */; };
		030EF1C726FBE529000D3E42 /* HomeViewController.swift in Sources */ = {isa = PBXBuildFile; fileRef = 030EF1C526FBE529000D3E42 /* HomeViewController.swift */; };
		030EF1C826FBE529000D3E42 /* HomeViewController.xib in Resources */ = {isa = PBXBuildFile; fileRef = 030EF1C626FBE529000D3E42 /* HomeViewController.xib */; };
		030EF1CB26FBE62E000D3E42 /* ReciboViewController.swift in Sources */ = {isa = PBXBuildFile; fileRef = 030EF1C926FBE62E000D3E42 /* ReciboViewController.swift */; };
		030EF1CC26FBE62E000D3E42 /* ReciboViewController.xib in Resources */ = {isa = PBXBuildFile; fileRef = 030EF1CA26FBE62E000D3E42 /* ReciboViewController.xib */; };
		030EF1D926FD2A13000D3E42 /* ReciboTableViewCell.swift in Sources */ = {isa = PBXBuildFile; fileRef = 030EF1D726FD2A13000D3E42 /* ReciboTableViewCell.swift */; };
		030EF1DA26FD2A13000D3E42 /* ReciboTableViewCell.xib in Resources */ = {isa = PBXBuildFile; fileRef = 030EF1D826FD2A13000D3E42 /* ReciboTableViewCell.xib */; };
		03431DCC270290D200EB8D91 /* FormatadorDeData.swift in Sources */ = {isa = PBXBuildFile; fileRef = 03431DCB270290D200EB8D91 /* FormatadorDeData.swift */; };
		03431DD32703BD2B00EB8D91 /* Alura_Ponto.xcdatamodeld in Sources */ = {isa = PBXBuildFile; fileRef = 03431DD12703BD2B00EB8D91 /* Alura_Ponto.xcdatamodeld */; };
		03E880B22704FC4400033A34 /* Recibo.swift in Sources */ = {isa = PBXBuildFile; fileRef = 03E880B12704FC4400033A34 /* Recibo.swift */; };
		96E9414D2C49A93E00CB6C96 /* Camera.swift in Sources */ = {isa = PBXBuildFile; fileRef = 96E9414C2C49A93E00CB6C96 /* Camera.swift */; };
/* End PBXBuildFile section */

/* Begin PBXFileReference section */
		030EF1A226FBD61C000D3E42 /* Alura Ponto.app */ = {isa = PBXFileReference; explicitFileType = wrapper.application; includeInIndex = 0; path = "Alura Ponto.app"; sourceTree = BUILT_PRODUCTS_DIR; };
		030EF1A526FBD61C000D3E42 /* AppDelegate.swift */ = {isa = PBXFileReference; lastKnownFileType = sourcecode.swift; path = AppDelegate.swift; sourceTree = "<group>"; };
		030EF1A726FBD61C000D3E42 /* SceneDelegate.swift */ = {isa = PBXFileReference; lastKnownFileType = sourcecode.swift; path = SceneDelegate.swift; sourceTree = "<group>"; };
		030EF1AE26FBD61E000D3E42 /* Assets.xcassets */ = {isa = PBXFileReference; lastKnownFileType = folder.assetcatalog; path = Assets.xcassets; sourceTree = "<group>"; };
		030EF1B126FBD61E000D3E42 /* Base */ = {isa = PBXFileReference; lastKnownFileType = file.storyboard; name = Base; path = Base.lproj/LaunchScreen.storyboard; sourceTree = "<group>"; };
		030EF1B326FBD61E000D3E42 /* Info.plist */ = {isa = PBXFileReference; lastKnownFileType = text.plist.xml; path = Info.plist; sourceTree = "<group>"; };
		030EF1C526FBE529000D3E42 /* HomeViewController.swift */ = {isa = PBXFileReference; lastKnownFileType = sourcecode.swift; path = HomeViewController.swift; sourceTree = "<group>"; };
		030EF1C626FBE529000D3E42 /* HomeViewController.xib */ = {isa = PBXFileReference; lastKnownFileType = file.xib; path = HomeViewController.xib; sourceTree = "<group>"; };
		030EF1C926FBE62E000D3E42 /* ReciboViewController.swift */ = {isa = PBXFileReference; lastKnownFileType = sourcecode.swift; path = ReciboViewController.swift; sourceTree = "<group>"; };
		030EF1CA26FBE62E000D3E42 /* ReciboViewController.xib */ = {isa = PBXFileReference; lastKnownFileType = file.xib; path = ReciboViewController.xib; sourceTree = "<group>"; };
		030EF1D726FD2A13000D3E42 /* ReciboTableViewCell.swift */ = {isa = PBXFileReference; lastKnownFileType = sourcecode.swift; path = ReciboTableViewCell.swift; sourceTree = "<group>"; };
		030EF1D826FD2A13000D3E42 /* ReciboTableViewCell.xib */ = {isa = PBXFileReference; lastKnownFileType = file.xib; path = ReciboTableViewCell.xib; sourceTree = "<group>"; };
		03431DCB270290D200EB8D91 /* FormatadorDeData.swift */ = {isa = PBXFileReference; lastKnownFileType = sourcecode.swift; path = FormatadorDeData.swift; sourceTree = "<group>"; };
		03431DD22703BD2B00EB8D91 /* Alura_Ponto.xcdatamodel */ = {isa = PBXFileReference; lastKnownFileType = wrapper.xcdatamodel; path = Alura_Ponto.xcdatamodel; sourceTree = "<group>"; };
		03E880B12704FC4400033A34 /* Recibo.swift */ = {isa = PBXFileReference; lastKnownFileType = sourcecode.swift; path = Recibo.swift; sourceTree = "<group>"; };
		96E9414C2C49A93E00CB6C96 /* Camera.swift */ = {isa = PBXFileReference; lastKnownFileType = sourcecode.swift; path = Camera.swift; sourceTree = "<group>"; };
/* End PBXFileReference section */

/* Begin PBXFrameworksBuildPhase section */
		030EF19F26FBD61C000D3E42 /* Frameworks */ = {
			isa = PBXFrameworksBuildPhase;
			buildActionMask = 2147483647;
			files = (
			);
			runOnlyForDeploymentPostprocessing = 0;
		};
/* End PBXFrameworksBuildPhase section */

/* Begin PBXGroup section */
		030EF19926FBD61C000D3E42 = {
			isa = PBXGroup;
			children = (
				030EF1A426FBD61C000D3E42 /* Alura Ponto */,
				030EF1A326FBD61C000D3E42 /* Products */,
			);
			sourceTree = "<group>";
		};
		030EF1A326FBD61C000D3E42 /* Products */ = {
			isa = PBXGroup;
			children = (
				030EF1A226FBD61C000D3E42 /* Alura Ponto.app */,
			);
			name = Products;
			sourceTree = "<group>";
		};
		030EF1A426FBD61C000D3E42 /* Alura Ponto */ = {
			isa = PBXGroup;
			children = (
				030EF1B926FBD69B000D3E42 /* AppDelegate */,
				030EF1BC26FBD6B8000D3E42 /* Home */,
				030EF1CF26FBE686000D3E42 /* Recibo */,
				03431DD02703BD0A00EB8D91 /* CoreData */,
				030EF1AE26FBD61E000D3E42 /* Assets.xcassets */,
				030EF1B026FBD61E000D3E42 /* LaunchScreen.storyboard */,
				030EF1B326FBD61E000D3E42 /* Info.plist */,
			);
			path = "Alura Ponto";
			sourceTree = "<group>";
		};
		030EF1B926FBD69B000D3E42 /* AppDelegate */ = {
			isa = PBXGroup;
			children = (
				030EF1A526FBD61C000D3E42 /* AppDelegate.swift */,
				030EF1A726FBD61C000D3E42 /* SceneDelegate.swift */,
			);
			path = AppDelegate;
			sourceTree = "<group>";
		};
		030EF1BC26FBD6B8000D3E42 /* Home */ = {
			isa = PBXGroup;
			children = (
				030EF1D426FD1DE7000D3E42 /* Model */,
				030EF1D226FBE6BF000D3E42 /* View */,
				030EF1D326FBE728000D3E42 /* Controller */,
			);
			path = Home;
			sourceTree = "<group>";
		};
		030EF1CF26FBE686000D3E42 /* Recibo */ = {
			isa = PBXGroup;
			children = (
				030EF1D026FBE696000D3E42 /* View */,
				030EF1D126FBE69F000D3E42 /* Controller */,
			);
			path = Recibo;
			sourceTree = "<group>";
		};
		030EF1D026FBE696000D3E42 /* View */ = {
			isa = PBXGroup;
			children = (
				030EF1CA26FBE62E000D3E42 /* ReciboViewController.xib */,
				030EF1DB26FD2BA6000D3E42 /* Cell */,
			);
			path = View;
			sourceTree = "<group>";
		};
		030EF1D126FBE69F000D3E42 /* Controller */ = {
			isa = PBXGroup;
			children = (
				030EF1C926FBE62E000D3E42 /* ReciboViewController.swift */,
			);
			path = Controller;
			sourceTree = "<group>";
		};
		030EF1D226FBE6BF000D3E42 /* View */ = {
			isa = PBXGroup;
			children = (
				030EF1C626FBE529000D3E42 /* HomeViewController.xib */,
			);
			path = View;
			sourceTree = "<group>";
		};
		030EF1D326FBE728000D3E42 /* Controller */ = {
			isa = PBXGroup;
			children = (
				030EF1C526FBE529000D3E42 /* HomeViewController.swift */,
			);
			path = Controller;
			sourceTree = "<group>";
		};
		030EF1D426FD1DE7000D3E42 /* Model */ = {
			isa = PBXGroup;
			children = (
				03E880B12704FC4400033A34 /* Recibo.swift */,
				03431DCB270290D200EB8D91 /* FormatadorDeData.swift */,
				96E9414C2C49A93E00CB6C96 /* Camera.swift */,
			);
			path = Model;
			sourceTree = "<group>";
		};
		030EF1DB26FD2BA6000D3E42 /* Cell */ = {
			isa = PBXGroup;
			children = (
				030EF1D726FD2A13000D3E42 /* ReciboTableViewCell.swift */,
				030EF1D826FD2A13000D3E42 /* ReciboTableViewCell.xib */,
			);
			path = Cell;
			sourceTree = "<group>";
		};
		03431DD02703BD0A00EB8D91 /* CoreData */ = {
			isa = PBXGroup;
			children = (
				03431DD12703BD2B00EB8D91 /* Alura_Ponto.xcdatamodeld */,
			);
			path = CoreData;
			sourceTree = "<group>";
		};
/* End PBXGroup section */

/* Begin PBXNativeTarget section */
		030EF1A126FBD61C000D3E42 /* Alura Ponto */ = {
			isa = PBXNativeTarget;
			buildConfigurationList = 030EF1B626FBD61E000D3E42 /* Build configuration list for PBXNativeTarget "Alura Ponto" */;
			buildPhases = (
				030EF19E26FBD61C000D3E42 /* Sources */,
				030EF19F26FBD61C000D3E42 /* Frameworks */,
				030EF1A026FBD61C000D3E42 /* Resources */,
			);
			buildRules = (
			);
			dependencies = (
			);
			name = "Alura Ponto";
			productName = "Alura Ponto";
			productReference = 030EF1A226FBD61C000D3E42 /* Alura Ponto.app */;
			productType = "com.apple.product-type.application";
		};
/* End PBXNativeTarget section */

/* Begin PBXProject section */
		030EF19A26FBD61C000D3E42 /* Project object */ = {
			isa = PBXProject;
			attributes = {
				LastSwiftUpdateCheck = 1250;
				LastUpgradeCheck = 1250;
				TargetAttributes = {
					030EF1A126FBD61C000D3E42 = {
						CreatedOnToolsVersion = 12.5.1;
					};
				};
			};
			buildConfigurationList = 030EF19D26FBD61C000D3E42 /* Build configuration list for PBXProject "Alura Ponto" */;
			compatibilityVersion = "Xcode 9.3";
			developmentRegion = en;
			hasScannedForEncodings = 0;
			knownRegions = (
				en,
				Base,
			);
			mainGroup = 030EF19926FBD61C000D3E42;
			productRefGroup = 030EF1A326FBD61C000D3E42 /* Products */;
			projectDirPath = "";
			projectRoot = "";
			targets = (
				030EF1A126FBD61C000D3E42 /* Alura Ponto */,
			);
		};
/* End PBXProject section */

/* Begin PBXResourcesBuildPhase section */
		030EF1A026FBD61C000D3E42 /* Resources */ = {
			isa = PBXResourcesBuildPhase;
			buildActionMask = 2147483647;
			files = (
				030EF1CC26FBE62E000D3E42 /* ReciboViewController.xib in Resources */,
				030EF1DA26FD2A13000D3E42 /* ReciboTableViewCell.xib in Resources */,
				030EF1B226FBD61E000D3E42 /* LaunchScreen.storyboard in Resources */,
				030EF1AF26FBD61E000D3E42 /* Assets.xcassets in Resources */,
				030EF1C826FBE529000D3E42 /* HomeViewController.xib in Resources */,
			);
			runOnlyForDeploymentPostprocessing = 0;
		};
/* End PBXResourcesBuildPhase section */

/* Begin PBXSourcesBuildPhase section */
		030EF19E26FBD61C000D3E42 /* Sources */ = {
			isa = PBXSourcesBuildPhase;
			buildActionMask = 2147483647;
			files = (
				030EF1D926FD2A13000D3E42 /* ReciboTableViewCell.swift in Sources */,
				030EF1CB26FBE62E000D3E42 /* ReciboViewController.swift in Sources */,
				03431DD32703BD2B00EB8D91 /* Alura_Ponto.xcdatamodeld in Sources */,
				030EF1A626FBD61C000D3E42 /* AppDelegate.swift in Sources */,
				030EF1A826FBD61C000D3E42 /* SceneDelegate.swift in Sources */,
				96E9414D2C49A93E00CB6C96 /* Camera.swift in Sources */,
				03431DCC270290D200EB8D91 /* FormatadorDeData.swift in Sources */,
				03E880B22704FC4400033A34 /* Recibo.swift in Sources */,
				030EF1C726FBE529000D3E42 /* HomeViewController.swift in Sources */,
			);
			runOnlyForDeploymentPostprocessing = 0;
		};
/* End PBXSourcesBuildPhase section */

/* Begin PBXVariantGroup section */
		030EF1B026FBD61E000D3E42 /* LaunchScreen.storyboard */ = {
			isa = PBXVariantGroup;
			children = (
				030EF1B126FBD61E000D3E42 /* Base */,
			);
			name = LaunchScreen.storyboard;
			sourceTree = "<group>";
		};
/* End PBXVariantGroup section */

/* Begin XCBuildConfiguration section */
		030EF1B426FBD61E000D3E42 /* Debug */ = {
			isa = XCBuildConfiguration;
			buildSettings = {
				ALWAYS_SEARCH_USER_PATHS = NO;
				CLANG_ANALYZER_NONNULL = YES;
				CLANG_ANALYZER_NUMBER_OBJECT_CONVERSION = YES_AGGRESSIVE;
				CLANG_CXX_LANGUAGE_STANDARD = "gnu++14";
				CLANG_CXX_LIBRARY = "libc++";
				CLANG_ENABLE_MODULES = YES;
				CLANG_ENABLE_OBJC_ARC = YES;
				CLANG_ENABLE_OBJC_WEAK = YES;
				CLANG_WARN_BLOCK_CAPTURE_AUTORELEASING = YES;
				CLANG_WARN_BOOL_CONVERSION = YES;
				CLANG_WARN_COMMA = YES;
				CLANG_WARN_CONSTANT_CONVERSION = YES;
				CLANG_WARN_DEPRECATED_OBJC_IMPLEMENTATIONS = YES;
				CLANG_WARN_DIRECT_OBJC_ISA_USAGE = YES_ERROR;
				CLANG_WARN_DOCUMENTATION_COMMENTS = YES;
				CLANG_WARN_EMPTY_BODY = YES;
				CLANG_WARN_ENUM_CONVERSION = YES;
				CLANG_WARN_INFINITE_RECURSION = YES;
				CLANG_WARN_INT_CONVERSION = YES;
				CLANG_WARN_NON_LITERAL_NULL_CONVERSION = YES;
				CLANG_WARN_OBJC_IMPLICIT_RETAIN_SELF = YES;
				CLANG_WARN_OBJC_LITERAL_CONVERSION = YES;
				CLANG_WARN_OBJC_ROOT_CLASS = YES_ERROR;
				CLANG_WARN_QUOTED_INCLUDE_IN_FRAMEWORK_HEADER = YES;
				CLANG_WARN_RANGE_LOOP_ANALYSIS = YES;
				CLANG_WARN_STRICT_PROTOTYPES = YES;
				CLANG_WARN_SUSPICIOUS_MOVE = YES;
				CLANG_WARN_UNGUARDED_AVAILABILITY = YES_AGGRESSIVE;
				CLANG_WARN_UNREACHABLE_CODE = YES;
				CLANG_WARN__DUPLICATE_METHOD_MATCH = YES;
				COPY_PHASE_STRIP = NO;
				DEBUG_INFORMATION_FORMAT = dwarf;
				ENABLE_STRICT_OBJC_MSGSEND = YES;
				ENABLE_TESTABILITY = YES;
				GCC_C_LANGUAGE_STANDARD = gnu11;
				GCC_DYNAMIC_NO_PIC = NO;
				GCC_NO_COMMON_BLOCKS = YES;
				GCC_OPTIMIZATION_LEVEL = 0;
				GCC_PREPROCESSOR_DEFINITIONS = (
					"DEBUG=1",
					"$(inherited)",
				);
				GCC_WARN_64_TO_32_BIT_CONVERSION = YES;
				GCC_WARN_ABOUT_RETURN_TYPE = YES_ERROR;
				GCC_WARN_UNDECLARED_SELECTOR = YES;
				GCC_WARN_UNINITIALIZED_AUTOS = YES_AGGRESSIVE;
				GCC_WARN_UNUSED_FUNCTION = YES;
				GCC_WARN_UNUSED_VARIABLE = YES;
				IPHONEOS_DEPLOYMENT_TARGET = 14.5;
				MTL_ENABLE_DEBUG_INFO = INCLUDE_SOURCE;
				MTL_FAST_MATH = YES;
				ONLY_ACTIVE_ARCH = YES;
				SDKROOT = iphoneos;
				SWIFT_ACTIVE_COMPILATION_CONDITIONS = DEBUG;
				SWIFT_OPTIMIZATION_LEVEL = "-Onone";
			};
			name = Debug;
		};
		030EF1B526FBD61E000D3E42 /* Release */ = {
			isa = XCBuildConfiguration;
			buildSettings = {
				ALWAYS_SEARCH_USER_PATHS = NO;
				CLANG_ANALYZER_NONNULL = YES;
				CLANG_ANALYZER_NUMBER_OBJECT_CONVERSION = YES_AGGRESSIVE;
				CLANG_CXX_LANGUAGE_STANDARD = "gnu++14";
				CLANG_CXX_LIBRARY = "libc++";
				CLANG_ENABLE_MODULES = YES;
				CLANG_ENABLE_OBJC_ARC = YES;
				CLANG_ENABLE_OBJC_WEAK = YES;
				CLANG_WARN_BLOCK_CAPTURE_AUTORELEASING = YES;
				CLANG_WARN_BOOL_CONVERSION = YES;
				CLANG_WARN_COMMA = YES;
				CLANG_WARN_CONSTANT_CONVERSION = YES;
				CLANG_WARN_DEPRECATED_OBJC_IMPLEMENTATIONS = YES;
				CLANG_WARN_DIRECT_OBJC_ISA_USAGE = YES_ERROR;
				CLANG_WARN_DOCUMENTATION_COMMENTS = YES;
				CLANG_WARN_EMPTY_BODY = YES;
				CLANG_WARN_ENUM_CONVERSION = YES;
				CLANG_WARN_INFINITE_RECURSION = YES;
				CLANG_WARN_INT_CONVERSION = YES;
				CLANG_WARN_NON_LITERAL_NULL_CONVERSION = YES;
				CLANG_WARN_OBJC_IMPLICIT_RETAIN_SELF = YES;
				CLANG_WARN_OBJC_LITERAL_CONVERSION = YES;
				CLANG_WARN_OBJC_ROOT_CLASS = YES_ERROR;
				CLANG_WARN_QUOTED_INCLUDE_IN_FRAMEWORK_HEADER = YES;
				CLANG_WARN_RANGE_LOOP_ANALYSIS = YES;
				CLANG_WARN_STRICT_PROTOTYPES = YES;
				CLANG_WARN_SUSPICIOUS_MOVE = YES;
				CLANG_WARN_UNGUARDED_AVAILABILITY = YES_AGGRESSIVE;
				CLANG_WARN_UNREACHABLE_CODE = YES;
				CLANG_WARN__DUPLICATE_METHOD_MATCH = YES;
				COPY_PHASE_STRIP = NO;
				DEBUG_INFORMATION_FORMAT = "dwarf-with-dsym";
				ENABLE_NS_ASSERTIONS = NO;
				ENABLE_STRICT_OBJC_MSGSEND = YES;
				GCC_C_LANGUAGE_STANDARD = gnu11;
				GCC_NO_COMMON_BLOCKS = YES;
				GCC_WARN_64_TO_32_BIT_CONVERSION = YES;
				GCC_WARN_ABOUT_RETURN_TYPE = YES_ERROR;
				GCC_WARN_UNDECLARED_SELECTOR = YES;
				GCC_WARN_UNINITIALIZED_AUTOS = YES_AGGRESSIVE;
				GCC_WARN_UNUSED_FUNCTION = YES;
				GCC_WARN_UNUSED_VARIABLE = YES;
				IPHONEOS_DEPLOYMENT_TARGET = 14.5;
				MTL_ENABLE_DEBUG_INFO = NO;
				MTL_FAST_MATH = YES;
				SDKROOT = iphoneos;
				SWIFT_COMPILATION_MODE = wholemodule;
				SWIFT_OPTIMIZATION_LEVEL = "-O";
				VALIDATE_PRODUCT = YES;
			};
			name = Release;
		};
		030EF1B726FBD61E000D3E42 /* Debug */ = {
			isa = XCBuildConfiguration;
			buildSettings = {
				ASSETCATALOG_COMPILER_APPICON_NAME = AppIcon;
				ASSETCATALOG_COMPILER_GLOBAL_ACCENT_COLOR_NAME = AccentColor;
				CODE_SIGN_STYLE = Automatic;
				DEVELOPMENT_TEAM = LF4G5DZZMF;
				INFOPLIST_FILE = "Alura Ponto/Info.plist";
				LD_RUNPATH_SEARCH_PATHS = (
					"$(inherited)",
					"@executable_path/Frameworks",
				);
				PRODUCT_BUNDLE_IDENTIFIER = "ac-apps.Alura-Ponto";
				PRODUCT_NAME = "$(TARGET_NAME)";
				SWIFT_VERSION = 5.0;
				TARGETED_DEVICE_FAMILY = "1,2";
			};
			name = Debug;
		};
		030EF1B826FBD61E000D3E42 /* Release */ = {
			isa = XCBuildConfiguration;
			buildSettings = {
				ASSETCATALOG_COMPILER_APPICON_NAME = AppIcon;
				ASSETCATALOG_COMPILER_GLOBAL_ACCENT_COLOR_NAME = AccentColor;
				CODE_SIGN_STYLE = Automatic;
				DEVELOPMENT_TEAM = LF4G5DZZMF;
				INFOPLIST_FILE = "Alura Ponto/Info.plist";
				LD_RUNPATH_SEARCH_PATHS = (
					"$(inherited)",
					"@executable_path/Frameworks",
				);
				PRODUCT_BUNDLE_IDENTIFIER = "ac-apps.Alura-Ponto";
				PRODUCT_NAME = "$(TARGET_NAME)";
				SWIFT_VERSION = 5.0;
				TARGETED_DEVICE_FAMILY = "1,2";
			};
			name = Release;
		};
/* End XCBuildConfiguration section */

/* Begin XCConfigurationList section */
		030EF19D26FBD61C000D3E42 /* Build configuration list for PBXProject "Alura Ponto" */ = {
			isa = XCConfigurationList;
			buildConfigurations = (
				030EF1B426FBD61E000D3E42 /* Debug */,
				030EF1B526FBD61E000D3E42 /* Release */,
			);
			defaultConfigurationIsVisible = 0;
			defaultConfigurationName = Release;
		};
		030EF1B626FBD61E000D3E42 /* Build configuration list for PBXNativeTarget "Alura Ponto" */ = {
			isa = XCConfigurationList;
			buildConfigurations = (
				030EF1B726FBD61E000D3E42 /* Debug */,
				030EF1B826FBD61E000D3E42 /* Release */,
			);
			defaultConfigurationIsVisible = 0;
			defaultConfigurationName = Release;
		};
/* End XCConfigurationList section */

/* Begin XCVersionGroup section */
		03431DD12703BD2B00EB8D91 /* Alura_Ponto.xcdatamodeld */ = {
			isa = XCVersionGroup;
			children = (
				03431DD22703BD2B00EB8D91 /* Alura_Ponto.xcdatamodel */,
			);
			currentVersion = 03431DD22703BD2B00EB8D91 /* Alura_Ponto.xcdatamodel */;
			path = Alura_Ponto.xcdatamodeld;
			sourceTree = "<group>";
			versionGroupType = wrapper.xcdatamodel;
		};
/* End XCVersionGroup section */
	};
	rootObject = 030EF19A26FBD61C000D3E42 /* Project object */;
}
